
Microsoft Visual Studio Solution File, Format Version 12.00
# Visual Studio 15
VisualStudioVersion = 15.0.33026.149
MinimumVisualStudioVersion = 10.0.40219.1
Project("{FAE04EC0-301F-11D3-BF4B-00C04F79EFBC}") = "sharp", "sharp\sharp.csproj", "{FF75E7E0-DAB8-434A-A004-E7645DF02210}"
EndProject
Global
	GlobalSection(SolutionConfigurationPlatforms) = preSolution
		Debug|Any CPU = Debug|Any CPU
		Release|Any CPU = Release|Any CPU
	EndGlobalSection
	GlobalSection(ProjectConfigurationPlatforms) = postSolution
		{FF75E7E0-DAB8-434A-A004-E7645DF02210}.Debug|Any CPU.ActiveCfg = Debug|Any CPU
		{FF75E7E0-DAB8-434A-A004-E7645DF02210}.Debug|Any CPU.Build.0 = Debug|Any CPU
		{FF75E7E0-DAB8-434A-A004-E7645DF02210}.Release|Any CPU.ActiveCfg = Release|Any CPU
		{FF75E7E0-DAB8-434A-A004-E7645DF02210}.Release|Any CPU.Build.0 = Release|Any CPU
	EndGlobalSection
	GlobalSection(SolutionProperties) = preSolution
		HideSolutionNode = FALSE
	EndGlobalSection
	GlobalSection(ExtensibilityGlobals) = postSolution
		SolutionGuid = {69D2126B-4CFF-4077-BF26-9B747B565417}
	EndGlobalSection
EndGlobal
